
Microsoft Visual Studio Solution File, Format Version 12.00
# Visual Studio Version 17
VisualStudioVersion = 17.11.35208.52
MinimumVisualStudioVersion = 10.0.40219.1
Project("{6EC3EE1D-3C4E-46DD-8F32-0CC8E7565705}") = "Parser", "Parser\Parser.fsproj", "{5084E1DA-E834-4A38-BA92-FBE3552DBF69}"
EndProject
Project("{F2A71F9B-5D33-465A-A702-920D77279786}") = "TestParser", "TestParser\TestParser.fsproj", "{1D8DF98C-232B-40E7-BF8C-61687CFE4AD6}"
EndProject
Global
	GlobalSection(SolutionConfigurationPlatforms) = preSolution
		Debug|Any CPU = Debug|Any CPU
		Release|Any CPU = Release|Any CPU
	EndGlobalSection
	GlobalSection(ProjectConfigurationPlatforms) = postSolution
		{5084E1DA-E834-4A38-BA92-FBE3552DBF69}.Debug|Any CPU.ActiveCfg = Debug|Any CPU
		{5084E1DA-E834-4A38-BA92-FBE3552DBF69}.Debug|Any CPU.Build.0 = Debug|Any CPU
		{5084E1DA-E834-4A38-BA92-FBE3552DBF69}.Release|Any CPU.ActiveCfg = Release|Any CPU
		{5084E1DA-E834-4A38-BA92-FBE3552DBF69}.Release|Any CPU.Build.0 = Release|Any CPU
		{1D8DF98C-232B-40E7-BF8C-61687CFE4AD6}.Debug|Any CPU.ActiveCfg = Debug|Any CPU
		{1D8DF98C-232B-40E7-BF8C-61687CFE4AD6}.Debug|Any CPU.Build.0 = Debug|Any CPU
		{1D8DF98C-232B-40E7-BF8C-61687CFE4AD6}.Release|Any CPU.ActiveCfg = Release|Any CPU
		{1D8DF98C-232B-40E7-BF8C-61687CFE4AD6}.Release|Any CPU.Build.0 = Release|Any CPU
	EndGlobalSection
	GlobalSection(SolutionProperties) = preSolution
		HideSolutionNode = FALSE
	EndGlobalSection
	GlobalSection(ExtensibilityGlobals) = postSolution
		SolutionGuid = {8749EC43-CA13-4DBE-9BF6-CE6E57DA6A02}
	EndGlobalSection
EndGlobal
